{
  "version": 4,
  "terraform_version": "1.10.0",
  "serial": 9,
  "lineage": "f7705c54-cb18-c7d0-5b38-fd3a97b49668",
  "outputs": {
    "cluster_endpoint": {
      "value": "https://CE5C1DAA171CB759080A4CC3C8BDE0D7.gr7.ap-south-1.eks.amazonaws.com",
      "type": "string"
    },
    "cluster_name": {
      "value": "cluster1",
      "type": "string"
    },
    "node_group_name": {
      "value": "node01",
      "type": "string"
    }
  },
  "resources": [
    {
      "mode": "managed",
      "type": "aws_eks_cluster",
      "name": "cluster1",
      "provider": "provider[\"registry.terraform.io/hashicorp/aws\"]",
      "instances": [
        {
          "schema_version": 1,
          "attributes": {
            "access_config": [
              {
                "authentication_mode": "CONFIG_MAP",
                "bootstrap_cluster_creator_admin_permissions": true
              }
            ],
            "arn": "arn:aws:eks:ap-south-1:627720351262:cluster/cluster1",
            "bootstrap_self_managed_addons": true,
            "certificate_authority": [
              {
                "data": "LS0tLS1CRUdJTiBDRVJUSUZJQ0FURS0tLS0tCk1JSURCVENDQWUyZ0F3SUJBZ0lJSlpzczBJUnVqMGN3RFFZSktvWklodmNOQVFFTEJRQXdGVEVUTUJFR0ExVUUKQXhNS2EzVmlaWEp1WlhSbGN6QWVGdzB5TkRFeU1ESXdOVE14TlRCYUZ3MHpOREV4TXpBd05UTTJOVEJhTUJVeApFekFSQmdOVkJBTVRDbXQxWW1WeWJtVjBaWE13Z2dFaU1BMEdDU3FHU0liM0RRRUJBUVVBQTRJQkR3QXdnZ0VLCkFvSUJBUURKRTNkTjFGZTVWdnJtMGpMREY5T1pYN3prSWQwT1UvTU5TQlo4OUp3NnZPQW9iQ0xMd09NKzJRVXoKTFozTEFYVGlGc0crSURuc2I3MjNoWnBNZVFXWm5HaWhkWkkrd0c0aU9RTUF0VEo0dlE1Q3Y3UldEQUIxM0NZbQpQRkJIK1FxblY4L2QreHdVWGdtUVZ1cXpSc1F3c0g0TWpjS2tjZ1A3Q3h5d3BsWmpDWml6dDZYWUQrWmprTGw0CmZUK01Sek50d2xGVUw2dW92TnFYdFdGSjN6V2pvbW1zdkFFZWJmVGt0ZmM1M3AxMW42MVAwMUljSTlOSTEzeXEKcEFRVTRJaDRBOVNuU1hrbk5UckZXV0xOWVc1VmVHT2twQjlSWE12NFRVL1FBR00yQ3pmeWJRdTMvRFRQK0V3LwpybWVQUHpWK3F5TUdNcG1MYmw0cjI5UDk5L3ZEQWdNQkFBR2pXVEJYTUE0R0ExVWREd0VCL3dRRUF3SUNwREFQCkJnTlZIUk1CQWY4RUJUQURBUUgvTUIwR0ExVWREZ1FXQkJTSmJ1TmJqcEdkdWc1WUdETm8yN2t6UWVzSktqQVYKQmdOVkhSRUVEakFNZ2dwcmRXSmxjbTVsZEdWek1BMEdDU3FHU0liM0RRRUJDd1VBQTRJQkFRQ0tBZXdkWm9vRgozQ0p5TitzY0Y0R1JsVjl2TjI3UU5sNWZXa3B0SmFmeDlBN0ZLTEx2R01EeThXWHQzaU5zUmJOcjJVMTVLRDdpCjQwZ0UrYWJsaVZkMW5rdExUQmhpcGowYlhwbXBzZUNWdDJMaG5sdzRkczlraUJqY09pdkpIVnpNWWxWYXlpRmsKK0VvZU1adXM4SFBUU3QzQ0xvZUhzMDE5UFFST1d6U01rQTVRL2dZdUExd2NIMWVDaHhFcnNTL3dyTUJRT3RRUwpKQmlDQVM1UTFub0tlekcvbzlHMkRycnJCUndGb01NQjQrbCtGZDAwLytXa2lmM0hRanZiaWQ4T3NpNkZGTHZYClpuQWw0LzZPakYvN3p5Ynpkd2MrNGFDenUzU1llOW5Wc1B5cVQ0aUxncUlTdUhnaUVQTTVDN2V6bnpLczE4WTYKTm0wbHg3TU52WGFYCi0tLS0tRU5EIENFUlRJRklDQVRFLS0tLS0K"
              }
            ],
            "cluster_id": null,
            "created_at": "2024-12-02T05:33:09Z",
            "enabled_cluster_log_types": null,
            "encryption_config": [],
            "endpoint": "https://CE5C1DAA171CB759080A4CC3C8BDE0D7.gr7.ap-south-1.eks.amazonaws.com",
            "id": "cluster1",
            "identity": [
              {
                "oidc": [
                  {
                    "issuer": "https://oidc.eks.ap-south-1.amazonaws.com/id/CE5C1DAA171CB759080A4CC3C8BDE0D7"
                  }
                ]
              }
            ],
            "kubernetes_network_config": [
              {
                "ip_family": "ipv4",
                "service_ipv4_cidr": "10.100.0.0/16",
                "service_ipv6_cidr": ""
              }
            ],
            "name": "cluster1",
            "outpost_config": [],
            "platform_version": "eks.12",
            "role_arn": "arn:aws:iam::627720351262:role/eks-cluster-role",
            "status": "ACTIVE",
            "tags": null,
            "tags_all": {},
            "timeouts": null,
            "upgrade_policy": [
              {
                "support_type": "EXTENDED"
              }
            ],
            "version": "1.31",
            "vpc_config": [
              {
                "cluster_security_group_id": "sg-06f3996d4f411cf04",
                "endpoint_private_access": false,
                "endpoint_public_access": true,
                "public_access_cidrs": [
                  "0.0.0.0/0"
                ],
                "security_group_ids": null,
                "subnet_ids": [
                  "subnet-a46d09df",
                  "subnet-d6beec9a ",
                  "subnet-e347aa88 "
                ],
                "vpc_id": "vpc-17b1767c"
              }
            ],
            "zonal_shift_config": []
          },
          "sensitive_attributes": [],
          "private": "eyJlMmJmYjczMC1lY2FhLTExZTYtOGY4OC0zNDM2M2JjN2M0YzAiOnsiY3JlYXRlIjoxODAwMDAwMDAwMDAwLCJkZWxldGUiOjkwMDAwMDAwMDAwMCwidXBkYXRlIjozNjAwMDAwMDAwMDAwfSwic2NoZW1hX3ZlcnNpb24iOiIxIn0=",
          "dependencies": [
            "aws_iam_role.eks_cluster_role",
            "aws_iam_role_policy_attachment.eks_cluster_policy",
            "aws_iam_role_policy_attachment.eks_service_policy"
          ]
        }
      ]
    },
    {
      "mode": "managed",
      "type": "aws_iam_role",
      "name": "eks_cluster_role",
      "provider": "provider[\"registry.terraform.io/hashicorp/aws\"]",
      "instances": [
        {
          "schema_version": 0,
          "attributes": {
            "arn": "arn:aws:iam::627720351262:role/eks-cluster-role",
            "assume_role_policy": "{\"Statement\":[{\"Action\":\"sts:AssumeRole\",\"Effect\":\"Allow\",\"Principal\":{\"Service\":\"eks.amazonaws.com\"}}],\"Version\":\"2012-10-17\"}",
            "create_date": "2024-12-02T05:33:05Z",
            "description": "",
            "force_detach_policies": false,
            "id": "eks-cluster-role",
            "inline_policy": [],
            "managed_policy_arns": [],
            "max_session_duration": 3600,
            "name": "eks-cluster-role",
            "name_prefix": "",
            "path": "/",
            "permissions_boundary": "",
            "tags": null,
            "tags_all": {},
            "unique_id": "AROAZEJYMNYPFJ2N5SHXR"
          },
          "sensitive_attributes": [],
          "private": "bnVsbA=="
        }
      ]
    },
    {
      "mode": "managed",
      "type": "aws_iam_role",
      "name": "eks_nodegroup_role",
      "provider": "provider[\"registry.terraform.io/hashicorp/aws\"]",
      "instances": [
        {
          "schema_version": 0,
          "attributes": {
            "arn": "arn:aws:iam::627720351262:role/eks-nodegroup-role",
            "assume_role_policy": "{\"Statement\":[{\"Action\":\"sts:AssumeRole\",\"Effect\":\"Allow\",\"Principal\":{\"Service\":\"ec2.amazonaws.com\"}}],\"Version\":\"2012-10-17\"}",
            "create_date": "2024-12-02T05:33:05Z",
            "description": "",
            "force_detach_policies": false,
            "id": "eks-nodegroup-role",
            "inline_policy": [],
            "managed_policy_arns": [],
            "max_session_duration": 3600,
            "name": "eks-nodegroup-role",
            "name_prefix": "",
            "path": "/",
            "permissions_boundary": "",
            "tags": null,
            "tags_all": {},
            "unique_id": "AROAZEJYMNYPHLFSSPXZC"
          },
          "sensitive_attributes": [],
          "private": "bnVsbA=="
        }
      ]
    },
    {
      "mode": "managed",
      "type": "aws_iam_role_policy_attachment",
      "name": "eks_cluster_policy",
      "provider": "provider[\"registry.terraform.io/hashicorp/aws\"]",
      "instances": [
        {
          "schema_version": 0,
          "attributes": {
            "id": "eks-cluster-role-20241202052948647900000002",
            "policy_arn": "arn:aws:iam::aws:policy/AmazonEKSClusterPolicy",
            "role": "eks-cluster-role"
          },
          "sensitive_attributes": [],
          "private": "bnVsbA==",
          "dependencies": [
            "aws_iam_role.eks_cluster_role"
          ]
        }
      ]
    },
    {
      "mode": "managed",
      "type": "aws_iam_role_policy_attachment",
      "name": "eks_service_policy",
      "provider": "provider[\"registry.terraform.io/hashicorp/aws\"]",
      "instances": [
        {
          "schema_version": 0,
          "attributes": {
            "id": "eks-cluster-role-20241202052948321800000001",
            "policy_arn": "arn:aws:iam::aws:policy/AmazonEKSServicePolicy",
            "role": "eks-cluster-role"
          },
          "sensitive_attributes": [],
          "private": "bnVsbA==",
          "dependencies": [
            "aws_iam_role.eks_cluster_role"
          ]
        }
      ]
    },
    {
      "mode": "managed",
      "type": "aws_iam_role_policy_attachment",
      "name": "eks_worker_node_policy",
      "provider": "provider[\"registry.terraform.io/hashicorp/aws\"]",
      "instances": [
        {
          "schema_version": 0,
          "attributes": {
            "id": "eks-nodegroup-role-20241202052948648300000003",
            "policy_arn": "arn:aws:iam::aws:policy/AmazonEKSWorkerNodePolicy",
            "role": "eks-nodegroup-role"
          },
          "sensitive_attributes": [],
          "private": "bnVsbA==",
          "dependencies": [
            "aws_iam_role.eks_nodegroup_role"
          ]
        }
      ]
    }
  ],
  "check_results": null
}
